
Microsoft Visual Studio Solution File, Format Version 12.00
# Visual Studio Version 17
VisualStudioVersion = 17.10.35013.160
MinimumVisualStudioVersion = 10.0.40219.1
Project("{FAE04EC0-301F-11D3-BF4B-00C04F79EFBC}") = "BookMachine.API", "BookMachine.API\BookMachine.API.csproj", "{FD97BEC7-B386-4DD8-8069-0902A8BCFDFD}"
EndProject
Project("{FAE04EC0-301F-11D3-BF4B-00C04F79EFBC}") = "BookMachine.Core", "BookMachine.Core\BookMachine.Core.csproj", "{9DD3DB14-70A6-457D-B99B-AF32C873EB31}"
EndProject
Project("{FAE04EC0-301F-11D3-BF4B-00C04F79EFBC}") = "BookMachine.Persistence", "BookMachine.Persistence\BookMachine.Persistence.csproj", "{37AB7307-39A4-4811-BF08-1426E94421EC}"
EndProject
Project("{FAE04EC0-301F-11D3-BF4B-00C04F79EFBC}") = "BookMachine.Application", "BookMachine.Application\BookMachine.Application.csproj", "{FAD78B0B-3E60-4BAA-9E8B-D96ED7946F59}"
EndProject
Global
	GlobalSection(SolutionConfigurationPlatforms) = preSolution
		Debug|Any CPU = Debug|Any CPU
		Release|Any CPU = Release|Any CPU
	EndGlobalSection
	GlobalSection(ProjectConfigurationPlatforms) = postSolution
		{FD97BEC7-B386-4DD8-8069-0902A8BCFDFD}.Debug|Any CPU.ActiveCfg = Debug|Any CPU
		{FD97BEC7-B386-4DD8-8069-0902A8BCFDFD}.Debug|Any CPU.Build.0 = Debug|Any CPU
		{FD97BEC7-B386-4DD8-8069-0902A8BCFDFD}.Release|Any CPU.ActiveCfg = Release|Any CPU
		{FD97BEC7-B386-4DD8-8069-0902A8BCFDFD}.Release|Any CPU.Build.0 = Release|Any CPU
		{9DD3DB14-70A6-457D-B99B-AF32C873EB31}.Debug|Any CPU.ActiveCfg = Debug|Any CPU
		{9DD3DB14-70A6-457D-B99B-AF32C873EB31}.Debug|Any CPU.Build.0 = Debug|Any CPU
		{9DD3DB14-70A6-457D-B99B-AF32C873EB31}.Release|Any CPU.ActiveCfg = Release|Any CPU
		{9DD3DB14-70A6-457D-B99B-AF32C873EB31}.Release|Any CPU.Build.0 = Release|Any CPU
		{37AB7307-39A4-4811-BF08-1426E94421EC}.Debug|Any CPU.ActiveCfg = Debug|Any CPU
		{37AB7307-39A4-4811-BF08-1426E94421EC}.Debug|Any CPU.Build.0 = Debug|Any CPU
		{37AB7307-39A4-4811-BF08-1426E94421EC}.Release|Any CPU.ActiveCfg = Release|Any CPU
		{37AB7307-39A4-4811-BF08-1426E94421EC}.Release|Any CPU.Build.0 = Release|Any CPU
		{FAD78B0B-3E60-4BAA-9E8B-D96ED7946F59}.Debug|Any CPU.ActiveCfg = Debug|Any CPU
		{FAD78B0B-3E60-4BAA-9E8B-D96ED7946F59}.Debug|Any CPU.Build.0 = Debug|Any CPU
		{FAD78B0B-3E60-4BAA-9E8B-D96ED7946F59}.Release|Any CPU.ActiveCfg = Release|Any CPU
		{FAD78B0B-3E60-4BAA-9E8B-D96ED7946F59}.Release|Any CPU.Build.0 = Release|Any CPU
	EndGlobalSection
	GlobalSection(SolutionProperties) = preSolution
		HideSolutionNode = FALSE
	EndGlobalSection
	GlobalSection(ExtensibilityGlobals) = postSolution
		SolutionGuid = {7D5BA11E-968F-446B-9AE5-8F4A292E6683}
	EndGlobalSection
EndGlobal
